
Microsoft Visual Studio Solution File, Format Version 12.00
# Visual Studio Version 16
VisualStudioVersion = 16.0.30523.141
MinimumVisualStudioVersion = 10.0.40219.1
Project("{FAE04EC0-301F-11D3-BF4B-00C04F79EFBC}") = "Banking", "Banking.csproj", "{73EBA79D-2A0F-4670-A0CE-A908C381722B}"
EndProject
Global
	GlobalSection(SolutionConfigurationPlatforms) = preSolution
		Debug|Any CPU = Debug|Any CPU
		Release|Any CPU = Release|Any CPU
	EndGlobalSection
	GlobalSection(ProjectConfigurationPlatforms) = postSolution
		{73EBA79D-2A0F-4670-A0CE-A908C381722B}.Debug|Any CPU.ActiveCfg = Debug|Any CPU
		{73EBA79D-2A0F-4670-A0CE-A908C381722B}.Debug|Any CPU.Build.0 = Debug|Any CPU
		{73EBA79D-2A0F-4670-A0CE-A908C381722B}.Release|Any CPU.ActiveCfg = Release|Any CPU
		{73EBA79D-2A0F-4670-A0CE-A908C381722B}.Release|Any CPU.Build.0 = Release|Any CPU
	EndGlobalSection
	GlobalSection(SolutionProperties) = preSolution
		HideSolutionNode = FALSE
	EndGlobalSection
	GlobalSection(ExtensibilityGlobals) = postSolution
		SolutionGuid = {231DF06B-7553-45A1-9497-2643B242B36F}
	EndGlobalSection
EndGlobal
